// !$*UTF8*$!
{
	archiveVersion = 1;
	classes = {
	};
	objectVersion = 46;
	objects = {

/* Begin PBXBuildFile section */
		25B13C2D1D2F995A007ECEB3 /* main.m in Sources */ = {isa = PBXBuildFile; fileRef = 25B13C2C1D2F995A007ECEB3 /* main.m */; };
		25B13C301D2F995A007ECEB3 /* AppDelegate.m in Sources */ = {isa = PBXBuildFile; fileRef = 25B13C2F1D2F995A007ECEB3 /* AppDelegate.m */; };
		25B13C331D2F995A007ECEB3 /* ViewController.m in Sources */ = {isa = PBXBuildFile; fileRef = 25B13C321D2F995A007ECEB3 /* ViewController.m */; };
		25B13C361D2F995A007ECEB3 /* Main.storyboard in Resources */ = {isa = PBXBuildFile; fileRef = 25B13C341D2F995A007ECEB3 /* Main.storyboard */; };
		25B13C381D2F995A007ECEB3 /* Assets.xcassets in Resources */ = {isa = PBXBuildFile; fileRef = 25B13C371D2F995A007ECEB3 /* Assets.xcassets */; };
		25B13C3B1D2F995A007ECEB3 /* LaunchScreen.storyboard in Resources */ = {isa = PBXBuildFile; fileRef = 25B13C391D2F995A007ECEB3 /* LaunchScreen.storyboard */; };
/* End PBXBuildFile section */

/* Begin PBXFileReference section */
		25B13C281D2F995A007ECEB3 /* Converter.app */ = {isa = PBXFileReference; explicitFileType = wrapper.application; includeInIndex = 0; path = Converter.app; sourceTree = BUILT_PRODUCTS_DIR; };
		25B13C2C1D2F995A007ECEB3 /* main.m */ = {isa = PBXFileReference; lastKnownFileType = sourcecode.c.objc; path = main.m; sourceTree = "<group>"; };
		25B13C2E1D2F995A007ECEB3 /* AppDelegate.h */ = {isa = PBXFileReference; lastKnownFileType = sourcecode.c.h; path = AppDelegate.h; sourceTree = "<group>"; };
		25B13C2F1D2F995A007ECEB3 /* AppDelegate.m */ = {isa = PBXFileReference; lastKnownFileType = sourcecode.c.objc; path = AppDelegate.m; sourceTree = "<group>"; };
		25B13C311D2F995A007ECEB3 /* ViewController.h */ = {isa = PBXFileReference; lastKnownFileType = sourcecode.c.h; path = ViewController.h; sourceTree = "<group>"; };
		25B13C321D2F995A007ECEB3 /* ViewController.m */ = {isa = PBXFileReference; lastKnownFileType = sourcecode.c.objc; path = ViewController.m; sourceTree = "<group>"; };
		25B13C351D2F995A007ECEB3 /* Base */ = {isa = PBXFileReference; lastKnownFileType = file.storyboard; name = Base; path = Base.lproj/Main.storyboard; sourceTree = "<group>"; };
		25B13C371D2F995A007ECEB3 /* Assets.xcassets */ = {isa = PBXFileReference; lastKnownFileType = folder.assetcatalog; path = Assets.xcassets; sourceTree = "<group>"; };
		25B13C3A1D2F995A007ECEB3 /* Base */ = {isa = PBXFileReference; lastKnownFileType = file.storyboard; name = Base; path = Base.lproj/LaunchScreen.storyboard; sourceTree = "<group>"; };
		25B13C3C1D2F995A007ECEB3 /* Info.plist */ = {isa = PBXFileReference; lastKnownFileType = text.plist.xml; path = Info.plist; sourceTree = "<group>"; };
/* End PBXFileReference section */

/* Begin PBXFrameworksBuildPhase section */
		25B13C251D2F995A007ECEB3 /* Frameworks */ = {
			isa = PBXFrameworksBuildPhase;
			buildActionMask = 2147483647;
			files = (
			);
			runOnlyForDeploymentPostprocessing = 0;
		};
/* End PBXFrameworksBuildPhase section */

/* Begin PBXGroup section */
		25B13C1F1D2F995A007ECEB3 = {
			isa = PBXGroup;
			children = (
				25B13C2A1D2F995A007ECEB3 /* Converter */,
				25B13C291D2F995A007ECEB3 /* Products */,
			);
			sourceTree = "<group>";
		};
		25B13C291D2F995A007ECEB3 /* Products */ = {
			isa = PBXGroup;
			children = (
				25B13C281D2F995A007ECEB3 /* Converter.app */,
			);
			name = Products;
			sourceTree = "<group>";
		};
		25B13C2A1D2F995A007ECEB3 /* Converter */ = {
			isa = PBXGroup;
			children = (
				25B13C2E1D2F995A007ECEB3 /* AppDelegate.h */,
				25B13C2F1D2F995A007ECEB3 /* AppDelegate.m */,
				25B13C311D2F995A007ECEB3 /* ViewController.h */,
				25B13C321D2F995A007ECEB3 /* ViewController.m */,
				25B13C341D2F995A007ECEB3 /* Main.storyboard */,
				25B13C371D2F995A007ECEB3 /* Assets.xcassets */,
				25B13C391D2F995A007ECEB3 /* LaunchScreen.storyboard */,
				25B13C3C1D2F995A007ECEB3 /* Info.plist */,
				25B13C2B1D2F995A007ECEB3 /* Supporting Files */,
			);
			path = Converter;
			sourceTree = "<group>";
		};
		25B13C2B1D2F995A007ECEB3 /* Supporting Files */ = {
			isa = PBXGroup;
			children = (
				25B13C2C1D2F995A007ECEB3 /* main.m */,
			);
			name = "Supporting Files";
			sourceTree = "<group>";
		};
/* End PBXGroup section */

/* Begin PBXNativeTarget section */
		25B13C271D2F995A007ECEB3 /* Converter */ = {
			isa = PBXNativeTarget;
			buildConfigurationList = 25B13C3F1D2F995A007ECEB3 /* Build configuration list for PBXNativeTarget "Converter" */;
			buildPhases = (
				25B13C241D2F995A007ECEB3 /* Sources */,
				25B13C251D2F995A007ECEB3 /* Frameworks */,
				25B13C261D2F995A007ECEB3 /* Resources */,
			);
			buildRules = (
			);
			dependencies = (
			);
			name = Converter;
			productName = Converter;
			productReference = 25B13C281D2F995A007ECEB3 /* Converter.app */;
			productType = "com.apple.product-type.application";
		};
/* End PBXNativeTarget section */

/* Begin PBXProject section */
		25B13C201D2F995A007ECEB3 /* Project object */ = {
			isa = PBXProject;
			attributes = {
				LastUpgradeCheck = 0730;
				ORGANIZATIONNAME = Rakib;
				TargetAttributes = {
					25B13C271D2F995A007ECEB3 = {
						CreatedOnToolsVersion = 7.3.1;
					};
				};
			};
			buildConfigurationList = 25B13C231D2F995A007ECEB3 /* Build configuration list for PBXProject "Converter" */;
			compatibilityVersion = "Xcode 3.2";
			developmentRegion = English;
			hasScannedForEncodings = 0;
			knownRegions = (
				en,
				Base,
			);
			mainGroup = 25B13C1F1D2F995A007ECEB3;
			productRefGroup = 25B13C291D2F995A007ECEB3 /* Products */;
			projectDirPath = "";
			projectRoot = "";
			targets = (
				25B13C271D2F995A007ECEB3 /* Converter */,
			);
		};
/* End PBXProject section */

/* Begin PBXResourcesBuildPhase section */
		25B13C261D2F995A007ECEB3 /* Resources */ = {
			isa = PBXResourcesBuildPhase;
			buildActionMask = 2147483647;
			files = (
				25B13C3B1D2F995A007ECEB3 /* LaunchScreen.storyboard in Resources */,
				25B13C381D2F995A007ECEB3 /* Assets.xcassets in Resources */,
				25B13C361D2F995A007ECEB3 /* Main.storyboard in Resources */,
			);
			runOnlyForDeploymentPostprocessing = 0;
		};
/* End PBXResourcesBuildPhase section */

/* Begin PBXSourcesBuildPhase section */
		25B13C241D2F995A007ECEB3 /* Sources */ = {
			isa = PBXSourcesBuildPhase;
			buildActionMask = 2147483647;
			files = (
				25B13C331D2F995A007ECEB3 /* ViewController.m in Sources */,
				25B13C301D2F995A007ECEB3 /* AppDelegate.m in Sources */,
				25B13C2D1D2F995A007ECEB3 /* main.m in Sources */,
			);
			runOnlyForDeploymentPostprocessing = 0;
		};
/* End PBXSourcesBuildPhase section */

/* Begin PBXVariantGroup section */
		25B13C341D2F995A007ECEB3 /* Main.storyboard */ = {
			isa = PBXVariantGroup;
			children = (
				25B13C351D2F995A007ECEB3 /* Base */,
			);
			name = Main.storyboard;
			sourceTree = "<group>";
		};
		25B13C391D2F995A007ECEB3 /* LaunchScreen.storyboard */ = {
			isa = PBXVariantGroup;
			children = (
				25B13C3A1D2F995A007ECEB3 /* Base */,
			);
			name = LaunchScreen.storyboard;
			sourceTree = "<group>";
		};
/* End PBXVariantGroup section */

/* Begin XCBuildConfiguration section */
		25B13C3D1D2F995A007ECEB3 /* Debug */ = {
			isa = XCBuildConfiguration;
			buildSettings = {
				ALWAYS_SEARCH_USER_PATHS = NO;
				CLANG_ANALYZER_NONNULL = YES;
				CLANG_CXX_LANGUAGE_STANDARD = "gnu++0x";
				CLANG_CXX_LIBRARY = "libc++";
				CLANG_ENABLE_MODULES = YES;
				CLANG_ENABLE_OBJC_ARC = YES;
				CLANG_WARN_BOOL_CONVERSION = YES;
				CLANG_WARN_CONSTANT_CONVERSION = YES;
				CLANG_WARN_DIRECT_OBJC_ISA_USAGE = YES_ERROR;
				CLANG_WARN_EMPTY_BODY = YES;
				CLANG_WARN_ENUM_CONVERSION = YES;
				CLANG_WARN_INT_CONVERSION = YES;
				CLANG_WARN_OBJC_ROOT_CLASS = YES_ERROR;
				CLANG_WARN_UNREACHABLE_CODE = YES;
				CLANG_WARN__DUPLICATE_METHOD_MATCH = YES;
				"CODE_SIGN_IDENTITY[sdk=iphoneos*]" = "iPhone Developer";
				COPY_PHASE_STRIP = NO;
				DEBUG_INFORMATION_FORMAT = dwarf;
				ENABLE_STRICT_OBJC_MSGSEND = YES;
				ENABLE_TESTABILITY = YES;
				GCC_C_LANGUAGE_STANDARD = gnu99;
				GCC_DYNAMIC_NO_PIC = NO;
				GCC_NO_COMMON_BLOCKS = YES;
				GCC_OPTIMIZATION_LEVEL = 0;
				GCC_PREPROCESSOR_DEFINITIONS = (
					"DEBUG=1",
					"$(inherited)",
				);
				GCC_WARN_64_TO_32_BIT_CONVERSION = YES;
				GCC_WARN_ABOUT_RETURN_TYPE = YES_ERROR;
				GCC_WARN_UNDECLARED_SELECTOR = YES;
				GCC_WARN_UNINITIALIZED_AUTOS = YES_AGGRESSIVE;
				GCC_WARN_UNUSED_FUNCTION = YES;
				GCC_WARN_UNUSED_VARIABLE = YES;
				IPHONEOS_DEPLOYMENT_TARGET = 9.3;
				MTL_ENABLE_DEBUG_INFO = YES;
				ONLY_ACTIVE_ARCH = YES;
				SDKROOT = iphoneos;
				TARGETED_DEVICE_FAMILY = "1,2";
			};
			name = Debug;
		};
		25B13C3E1D2F995A007ECEB3 /* Release */ = {
			isa = XCBuildConfiguration;
			buildSettings = {
				ALWAYS_SEARCH_USER_PATHS = NO;
				CLANG_ANALYZER_NONNULL = YES;
				CLANG_CXX_LANGUAGE_STANDARD = "gnu++0x";
				CLANG_CXX_LIBRARY = "libc++";
				CLANG_ENABLE_MODULES = YES;
				CLANG_ENABLE_OBJC_ARC = YES;
				CLANG_WARN_BOOL_CONVERSION = YES;
				CLANG_WARN_CONSTANT_CONVERSION = YES;
				CLANG_WARN_DIRECT_OBJC_ISA_USAGE = YES_ERROR;
				CLANG_WARN_EMPTY_BODY = YES;
				CLANG_WARN_ENUM_CONVERSION = YES;
				CLANG_WARN_INT_CONVERSION = YES;
				CLANG_WARN_OBJC_ROOT_CLASS = YES_ERROR;
				CLANG_WARN_UNREACHABLE_CODE = YES;
				CLANG_WARN__DUPLICATE_METHOD_MATCH = YES;
				"CODE_SIGN_IDENTITY[sdk=iphoneos*]" = "iPhone Developer";
				COPY_PHASE_STRIP = NO;
				DEBUG_INFORMATION_FORMAT = "dwarf-with-dsym";
				ENABLE_NS_ASSERTIONS = NO;
				ENABLE_STRICT_OBJC_MSGSEND = YES;
				GCC_C_LANGUAGE_STANDARD = gnu99;
				GCC_NO_COMMON_BLOCKS = YES;
				GCC_WARN_64_TO_32_BIT_CONVERSION = YES;
				GCC_WARN_ABOUT_RETURN_TYPE = YES_ERROR;
				GCC_WARN_UNDECLARED_SELECTOR = YES;
				GCC_WARN_UNINITIALIZED_AUTOS = YES_AGGRESSIVE;
				GCC_WARN_UNUSED_FUNCTION = YES;
				GCC_WARN_UNUSED_VARIABLE = YES;
				IPHONEOS_DEPLOYMENT_TARGET = 9.3;
				MTL_ENABLE_DEBUG_INFO = NO;
				SDKROOT = iphoneos;
				TARGETED_DEVICE_FAMILY = "1,2";
				VALIDATE_PRODUCT = YES;
			};
			name = Release;
		};
		25B13C401D2F995A007ECEB3 /* Debug */ = {
			isa = XCBuildConfiguration;
			buildSettings = {
				ASSETCATALOG_COMPILER_APPICON_NAME = AppIcon;
				INFOPLIST_FILE = Converter/Info.plist;
				LD_RUNPATH_SEARCH_PATHS = "$(inherited) @executable_path/Frameworks";
				PRODUCT_BUNDLE_IDENTIFIER = com.Rakib.Converter;
				PRODUCT_NAME = "$(TARGET_NAME)";
			};
			name = Debug;
		};
		25B13C411D2F995A007ECEB3 /* Release */ = {
			isa = XCBuildConfiguration;
			buildSettings = {
				ASSETCATALOG_COMPILER_APPICON_NAME = AppIcon;
				INFOPLIST_FILE = Converter/Info.plist;
				LD_RUNPATH_SEARCH_PATHS = "$(inherited) @executable_path/Frameworks";
				PRODUCT_BUNDLE_IDENTIFIER = com.Rakib.Converter;
				PRODUCT_NAME = "$(TARGET_NAME)";
			};
			name = Release;
		};
/* End XCBuildConfiguration section */

/* Begin XCConfigurationList section */
		25B13C231D2F995A007ECEB3 /* Build configuration list for PBXProject "Converter" */ = {
			isa = XCConfigurationList;
			buildConfigurations = (
				25B13C3D1D2F995A007ECEB3 /* Debug */,
				25B13C3E1D2F995A007ECEB3 /* Release */,
			);
			defaultConfigurationIsVisible = 0;
			defaultConfigurationName = Release;
		};
		25B13C3F1D2F995A007ECEB3 /* Build configuration list for PBXNativeTarget "Converter" */ = {
			isa = XCConfigurationList;
			buildConfigurations = (
				25B13C401D2F995A007ECEB3 /* Debug */,
				25B13C411D2F995A007ECEB3 /* Release */,
			);
			defaultConfigurationIsVisible = 0;
		};
/* End XCConfigurationList section */
	};
	rootObject = 25B13C201D2F995A007ECEB3 /* Project object */;
}
